// !$*UTF8*$!
{
	archiveVersion = 1;
	classes = {
	};
	objectVersion = 48;
	objects = {

/* Begin PBXBuildFile section */
		F951356A20B9035E00555D23 /* AppDelegate.swift in Sources */ = {isa = PBXBuildFile; fileRef = F951356920B9035E00555D23 /* AppDelegate.swift */; };
		F951356C20B9035E00555D23 /* art.scnassets in Resources */ = {isa = PBXBuildFile; fileRef = F951356B20B9035E00555D23 /* art.scnassets */; };
		F951356E20B9035E00555D23 /* ViewController.swift in Sources */ = {isa = PBXBuildFile; fileRef = F951356D20B9035E00555D23 /* ViewController.swift */; };
		F951357120B9035E00555D23 /* Main.storyboard in Resources */ = {isa = PBXBuildFile; fileRef = F951356F20B9035E00555D23 /* Main.storyboard */; };
		F951357320B9035E00555D23 /* Assets.xcassets in Resources */ = {isa = PBXBuildFile; fileRef = F951357220B9035E00555D23 /* Assets.xcassets */; };
		F951357620B9035E00555D23 /* LaunchScreen.storyboard in Resources */ = {isa = PBXBuildFile; fileRef = F951357420B9035E00555D23 /* LaunchScreen.storyboard */; };
		F951358120B9035E00555D23 /* Lingo_iOS_AppTests.swift in Sources */ = {isa = PBXBuildFile; fileRef = F951358020B9035E00555D23 /* Lingo_iOS_AppTests.swift */; };
		F951358C20B9035E00555D23 /* Lingo_iOS_AppUITests.swift in Sources */ = {isa = PBXBuildFile; fileRef = F951358B20B9035E00555D23 /* Lingo_iOS_AppUITests.swift */; };
/* End PBXBuildFile section */

/* Begin PBXContainerItemProxy section */
		F951357D20B9035E00555D23 /* PBXContainerItemProxy */ = {
			isa = PBXContainerItemProxy;
			containerPortal = F951355E20B9035E00555D23 /* Project object */;
			proxyType = 1;
			remoteGlobalIDString = F951356520B9035E00555D23;
			remoteInfo = "Lingo iOS App";
		};
		F951358820B9035E00555D23 /* PBXContainerItemProxy */ = {
			isa = PBXContainerItemProxy;
			containerPortal = F951355E20B9035E00555D23 /* Project object */;
			proxyType = 1;
			remoteGlobalIDString = F951356520B9035E00555D23;
			remoteInfo = "Lingo iOS App";
		};
/* End PBXContainerItemProxy section */

/* Begin PBXFileReference section */
		F951356620B9035E00555D23 /* Lingo iOS App.app */ = {isa = PBXFileReference; explicitFileType = wrapper.application; includeInIndex = 0; path = "Lingo iOS App.app"; sourceTree = BUILT_PRODUCTS_DIR; };
		F951356920B9035E00555D23 /* AppDelegate.swift */ = {isa = PBXFileReference; lastKnownFileType = sourcecode.swift; path = AppDelegate.swift; sourceTree = "<group>"; };
		F951356B20B9035E00555D23 /* art.scnassets */ = {isa = PBXFileReference; lastKnownFileType = wrapper.scnassets; path = art.scnassets; sourceTree = "<group>"; };
		F951356D20B9035E00555D23 /* ViewController.swift */ = {isa = PBXFileReference; lastKnownFileType = sourcecode.swift; path = ViewController.swift; sourceTree = "<group>"; };
		F951357020B9035E00555D23 /* Base */ = {isa = PBXFileReference; lastKnownFileType = file.storyboard; name = Base; path = Base.lproj/Main.storyboard; sourceTree = "<group>"; };
		F951357220B9035E00555D23 /* Assets.xcassets */ = {isa = PBXFileReference; lastKnownFileType = folder.assetcatalog; path = Assets.xcassets; sourceTree = "<group>"; };
		F951357520B9035E00555D23 /* Base */ = {isa = PBXFileReference; lastKnownFileType = file.storyboard; name = Base; path = Base.lproj/LaunchScreen.storyboard; sourceTree = "<group>"; };
		F951357720B9035E00555D23 /* Info.plist */ = {isa = PBXFileReference; lastKnownFileType = text.plist.xml; path = Info.plist; sourceTree = "<group>"; };
		F951357C20B9035E00555D23 /* Lingo iOS AppTests.xctest */ = {isa = PBXFileReference; explicitFileType = wrapper.cfbundle; includeInIndex = 0; path = "Lingo iOS AppTests.xctest"; sourceTree = BUILT_PRODUCTS_DIR; };
		F951358020B9035E00555D23 /* Lingo_iOS_AppTests.swift */ = {isa = PBXFileReference; lastKnownFileType = sourcecode.swift; path = Lingo_iOS_AppTests.swift; sourceTree = "<group>"; };
		F951358220B9035E00555D23 /* Info.plist */ = {isa = PBXFileReference; lastKnownFileType = text.plist.xml; path = Info.plist; sourceTree = "<group>"; };
		F951358720B9035E00555D23 /* Lingo iOS AppUITests.xctest */ = {isa = PBXFileReference; explicitFileType = wrapper.cfbundle; includeInIndex = 0; path = "Lingo iOS AppUITests.xctest"; sourceTree = BUILT_PRODUCTS_DIR; };
		F951358B20B9035E00555D23 /* Lingo_iOS_AppUITests.swift */ = {isa = PBXFileReference; lastKnownFileType = sourcecode.swift; path = Lingo_iOS_AppUITests.swift; sourceTree = "<group>"; };
		F951358D20B9035E00555D23 /* Info.plist */ = {isa = PBXFileReference; lastKnownFileType = text.plist.xml; path = Info.plist; sourceTree = "<group>"; };
/* End PBXFileReference section */

/* Begin PBXFrameworksBuildPhase section */
		F951356320B9035E00555D23 /* Frameworks */ = {
			isa = PBXFrameworksBuildPhase;
			buildActionMask = 2147483647;
			files = (
			);
			runOnlyForDeploymentPostprocessing = 0;
		};
		F951357920B9035E00555D23 /* Frameworks */ = {
			isa = PBXFrameworksBuildPhase;
			buildActionMask = 2147483647;
			files = (
			);
			runOnlyForDeploymentPostprocessing = 0;
		};
		F951358420B9035E00555D23 /* Frameworks */ = {
			isa = PBXFrameworksBuildPhase;
			buildActionMask = 2147483647;
			files = (
			);
			runOnlyForDeploymentPostprocessing = 0;
		};
/* End PBXFrameworksBuildPhase section */

/* Begin PBXGroup section */
		F951355D20B9035E00555D23 = {
			isa = PBXGroup;
			children = (
				F951356820B9035E00555D23 /* Lingo iOS App */,
				F951357F20B9035E00555D23 /* Lingo iOS AppTests */,
				F951358A20B9035E00555D23 /* Lingo iOS AppUITests */,
				F951356720B9035E00555D23 /* Products */,
			);
			sourceTree = "<group>";
		};
		F951356720B9035E00555D23 /* Products */ = {
			isa = PBXGroup;
			children = (
				F951356620B9035E00555D23 /* Lingo iOS App.app */,
				F951357C20B9035E00555D23 /* Lingo iOS AppTests.xctest */,
				F951358720B9035E00555D23 /* Lingo iOS AppUITests.xctest */,
			);
			name = Products;
			sourceTree = "<group>";
		};
		F951356820B9035E00555D23 /* Lingo iOS App */ = {
			isa = PBXGroup;
			children = (
				F951356920B9035E00555D23 /* AppDelegate.swift */,
				F951356B20B9035E00555D23 /* art.scnassets */,
				F951356D20B9035E00555D23 /* ViewController.swift */,
				F951356F20B9035E00555D23 /* Main.storyboard */,
				F951357220B9035E00555D23 /* Assets.xcassets */,
				F951357420B9035E00555D23 /* LaunchScreen.storyboard */,
				F951357720B9035E00555D23 /* Info.plist */,
			);
			path = "Lingo iOS App";
			sourceTree = "<group>";
		};
		F951357F20B9035E00555D23 /* Lingo iOS AppTests */ = {
			isa = PBXGroup;
			children = (
				F951358020B9035E00555D23 /* Lingo_iOS_AppTests.swift */,
				F951358220B9035E00555D23 /* Info.plist */,
			);
			path = "Lingo iOS AppTests";
			sourceTree = "<group>";
		};
		F951358A20B9035E00555D23 /* Lingo iOS AppUITests */ = {
			isa = PBXGroup;
			children = (
				F951358B20B9035E00555D23 /* Lingo_iOS_AppUITests.swift */,
				F951358D20B9035E00555D23 /* Info.plist */,
			);
			path = "Lingo iOS AppUITests";
			sourceTree = "<group>";
		};
/* End PBXGroup section */

/* Begin PBXNativeTarget section */
		F951356520B9035E00555D23 /* Lingo iOS App */ = {
			isa = PBXNativeTarget;
			buildConfigurationList = F951359020B9035E00555D23 /* Build configuration list for PBXNativeTarget "Lingo iOS App" */;
			buildPhases = (
				F951356220B9035E00555D23 /* Sources */,
				F951356320B9035E00555D23 /* Frameworks */,
				F951356420B9035E00555D23 /* Resources */,
			);
			buildRules = (
			);
			dependencies = (
			);
			name = "Lingo iOS App";
			productName = "Lingo iOS App";
			productReference = F951356620B9035E00555D23 /* Lingo iOS App.app */;
			productType = "com.apple.product-type.application";
		};
		F951357B20B9035E00555D23 /* Lingo iOS AppTests */ = {
			isa = PBXNativeTarget;
			buildConfigurationList = F951359320B9035E00555D23 /* Build configuration list for PBXNativeTarget "Lingo iOS AppTests" */;
			buildPhases = (
				F951357820B9035E00555D23 /* Sources */,
				F951357920B9035E00555D23 /* Frameworks */,
				F951357A20B9035E00555D23 /* Resources */,
			);
			buildRules = (
			);
			dependencies = (
				F951357E20B9035E00555D23 /* PBXTargetDependency */,
			);
			name = "Lingo iOS AppTests";
			productName = "Lingo iOS AppTests";
			productReference = F951357C20B9035E00555D23 /* Lingo iOS AppTests.xctest */;
			productType = "com.apple.product-type.bundle.unit-test";
		};
		F951358620B9035E00555D23 /* Lingo iOS AppUITests */ = {
			isa = PBXNativeTarget;
			buildConfigurationList = F951359620B9035E00555D23 /* Build configuration list for PBXNativeTarget "Lingo iOS AppUITests" */;
			buildPhases = (
				F951358320B9035E00555D23 /* Sources */,
				F951358420B9035E00555D23 /* Frameworks */,
				F951358520B9035E00555D23 /* Resources */,
			);
			buildRules = (
			);
			dependencies = (
				F951358920B9035E00555D23 /* PBXTargetDependency */,
			);
			name = "Lingo iOS AppUITests";
			productName = "Lingo iOS AppUITests";
			productReference = F951358720B9035E00555D23 /* Lingo iOS AppUITests.xctest */;
			productType = "com.apple.product-type.bundle.ui-testing";
		};
/* End PBXNativeTarget section */

/* Begin PBXProject section */
		F951355E20B9035E00555D23 /* Project object */ = {
			isa = PBXProject;
			attributes = {
				LastSwiftUpdateCheck = 0920;
				LastUpgradeCheck = 0920;
				ORGANIZATIONNAME = "Milind Pathiyal";
				TargetAttributes = {
					F951356520B9035E00555D23 = {
						CreatedOnToolsVersion = 9.2;
						ProvisioningStyle = Automatic;
					};
					F951357B20B9035E00555D23 = {
						CreatedOnToolsVersion = 9.2;
						ProvisioningStyle = Automatic;
						TestTargetID = F951356520B9035E00555D23;
					};
					F951358620B9035E00555D23 = {
						CreatedOnToolsVersion = 9.2;
						ProvisioningStyle = Automatic;
						TestTargetID = F951356520B9035E00555D23;
					};
				};
			};
			buildConfigurationList = F951356120B9035E00555D23 /* Build configuration list for PBXProject "Lingo iOS App" */;
			compatibilityVersion = "Xcode 8.0";
			developmentRegion = en;
			hasScannedForEncodings = 0;
			knownRegions = (
				en,
				Base,
			);
			mainGroup = F951355D20B9035E00555D23;
			productRefGroup = F951356720B9035E00555D23 /* Products */;
			projectDirPath = "";
			projectRoot = "";
			targets = (
				F951356520B9035E00555D23 /* Lingo iOS App */,
				F951357B20B9035E00555D23 /* Lingo iOS AppTests */,
				F951358620B9035E00555D23 /* Lingo iOS AppUITests */,
			);
		};
/* End PBXProject section */

/* Begin PBXResourcesBuildPhase section */
		F951356420B9035E00555D23 /* Resources */ = {
			isa = PBXResourcesBuildPhase;
			buildActionMask = 2147483647;
			files = (
				F951356C20B9035E00555D23 /* art.scnassets in Resources */,
				F951357620B9035E00555D23 /* LaunchScreen.storyboard in Resources */,
				F951357320B9035E00555D23 /* Assets.xcassets in Resources */,
				F951357120B9035E00555D23 /* Main.storyboard in Resources */,
			);
			runOnlyForDeploymentPostprocessing = 0;
		};
		F951357A20B9035E00555D23 /* Resources */ = {
			isa = PBXResourcesBuildPhase;
			buildActionMask = 2147483647;
			files = (
			);
			runOnlyForDeploymentPostprocessing = 0;
		};
		F951358520B9035E00555D23 /* Resources */ = {
			isa = PBXResourcesBuildPhase;
			buildActionMask = 2147483647;
			files = (
			);
			runOnlyForDeploymentPostprocessing = 0;
		};
/* End PBXResourcesBuildPhase section */

/* Begin PBXSourcesBuildPhase section */
		F951356220B9035E00555D23 /* Sources */ = {
			isa = PBXSourcesBuildPhase;
			buildActionMask = 2147483647;
			files = (
				F951356E20B9035E00555D23 /* ViewController.swift in Sources */,
				F951356A20B9035E00555D23 /* AppDelegate.swift in Sources */,
			);
			runOnlyForDeploymentPostprocessing = 0;
		};
		F951357820B9035E00555D23 /* Sources */ = {
			isa = PBXSourcesBuildPhase;
			buildActionMask = 2147483647;
			files = (
				F951358120B9035E00555D23 /* Lingo_iOS_AppTests.swift in Sources */,
			);
			runOnlyForDeploymentPostprocessing = 0;
		};
		F951358320B9035E00555D23 /* Sources */ = {
			isa = PBXSourcesBuildPhase;
			buildActionMask = 2147483647;
			files = (
				F951358C20B9035E00555D23 /* Lingo_iOS_AppUITests.swift in Sources */,
			);
			runOnlyForDeploymentPostprocessing = 0;
		};
/* End PBXSourcesBuildPhase section */

/* Begin PBXTargetDependency section */
		F951357E20B9035E00555D23 /* PBXTargetDependency */ = {
			isa = PBXTargetDependency;
			target = F951356520B9035E00555D23 /* Lingo iOS App */;
			targetProxy = F951357D20B9035E00555D23 /* PBXContainerItemProxy */;
		};
		F951358920B9035E00555D23 /* PBXTargetDependency */ = {
			isa = PBXTargetDependency;
			target = F951356520B9035E00555D23 /* Lingo iOS App */;
			targetProxy = F951358820B9035E00555D23 /* PBXContainerItemProxy */;
		};
/* End PBXTargetDependency section */

/* Begin PBXVariantGroup section */
		F951356F20B9035E00555D23 /* Main.storyboard */ = {
			isa = PBXVariantGroup;
			children = (
				F951357020B9035E00555D23 /* Base */,
			);
			name = Main.storyboard;
			sourceTree = "<group>";
		};
		F951357420B9035E00555D23 /* LaunchScreen.storyboard */ = {
			isa = PBXVariantGroup;
			children = (
				F951357520B9035E00555D23 /* Base */,
			);
			name = LaunchScreen.storyboard;
			sourceTree = "<group>";
		};
/* End PBXVariantGroup section */

/* Begin XCBuildConfiguration section */
		F951358E20B9035E00555D23 /* Debug */ = {
			isa = XCBuildConfiguration;
			buildSettings = {
				ALWAYS_SEARCH_USER_PATHS = NO;
				CLANG_ANALYZER_NONNULL = YES;
				CLANG_ANALYZER_NUMBER_OBJECT_CONVERSION = YES_AGGRESSIVE;
				CLANG_CXX_LANGUAGE_STANDARD = "gnu++14";
				CLANG_CXX_LIBRARY = "libc++";
				CLANG_ENABLE_MODULES = YES;
				CLANG_ENABLE_OBJC_ARC = YES;
				CLANG_WARN_BLOCK_CAPTURE_AUTORELEASING = YES;
				CLANG_WARN_BOOL_CONVERSION = YES;
				CLANG_WARN_COMMA = YES;
				CLANG_WARN_CONSTANT_CONVERSION = YES;
				CLANG_WARN_DIRECT_OBJC_ISA_USAGE = YES_ERROR;
				CLANG_WARN_DOCUMENTATION_COMMENTS = YES;
				CLANG_WARN_EMPTY_BODY = YES;
				CLANG_WARN_ENUM_CONVERSION = YES;
				CLANG_WARN_INFINITE_RECURSION = YES;
				CLANG_WARN_INT_CONVERSION = YES;
				CLANG_WARN_NON_LITERAL_NULL_CONVERSION = YES;
				CLANG_WARN_OBJC_LITERAL_CONVERSION = YES;
				CLANG_WARN_OBJC_ROOT_CLASS = YES_ERROR;
				CLANG_WARN_RANGE_LOOP_ANALYSIS = YES;
				CLANG_WARN_STRICT_PROTOTYPES = YES;
				CLANG_WARN_SUSPICIOUS_MOVE = YES;
				CLANG_WARN_UNGUARDED_AVAILABILITY = YES_AGGRESSIVE;
				CLANG_WARN_UNREACHABLE_CODE = YES;
				CLANG_WARN__DUPLICATE_METHOD_MATCH = YES;
				CODE_SIGN_IDENTITY = "iPhone Developer";
				COPY_PHASE_STRIP = NO;
				DEBUG_INFORMATION_FORMAT = dwarf;
				ENABLE_STRICT_OBJC_MSGSEND = YES;
				ENABLE_TESTABILITY = YES;
				GCC_C_LANGUAGE_STANDARD = gnu11;
				GCC_DYNAMIC_NO_PIC = NO;
				GCC_NO_COMMON_BLOCKS = YES;
				GCC_OPTIMIZATION_LEVEL = 0;
				GCC_PREPROCESSOR_DEFINITIONS = (
					"DEBUG=1",
					"$(inherited)",
				);
				GCC_WARN_64_TO_32_BIT_CONVERSION = YES;
				GCC_WARN_ABOUT_RETURN_TYPE = YES_ERROR;
				GCC_WARN_UNDECLARED_SELECTOR = YES;
				GCC_WARN_UNINITIALIZED_AUTOS = YES_AGGRESSIVE;
				GCC_WARN_UNUSED_FUNCTION = YES;
				GCC_WARN_UNUSED_VARIABLE = YES;
				IPHONEOS_DEPLOYMENT_TARGET = 11.2;
				MTL_ENABLE_DEBUG_INFO = YES;
				ONLY_ACTIVE_ARCH = YES;
				SDKROOT = iphoneos;
				SWIFT_ACTIVE_COMPILATION_CONDITIONS = DEBUG;
				SWIFT_OPTIMIZATION_LEVEL = "-Onone";
			};
			name = Debug;
		};
		F951358F20B9035E00555D23 /* Release */ = {
			isa = XCBuildConfiguration;
			buildSettings = {
				ALWAYS_SEARCH_USER_PATHS = NO;
				CLANG_ANALYZER_NONNULL = YES;
				CLANG_ANALYZER_NUMBER_OBJECT_CONVERSION = YES_AGGRESSIVE;
				CLANG_CXX_LANGUAGE_STANDARD = "gnu++14";
				CLANG_CXX_LIBRARY = "libc++";
				CLANG_ENABLE_MODULES = YES;
				CLANG_ENABLE_OBJC_ARC = YES;
				CLANG_WARN_BLOCK_CAPTURE_AUTORELEASING = YES;
				CLANG_WARN_BOOL_CONVERSION = YES;
				CLANG_WARN_COMMA = YES;
				CLANG_WARN_CONSTANT_CONVERSION = YES;
				CLANG_WARN_DIRECT_OBJC_ISA_USAGE = YES_ERROR;
				CLANG_WARN_DOCUMENTATION_COMMENTS = YES;
				CLANG_WARN_EMPTY_BODY = YES;
				CLANG_WARN_ENUM_CONVERSION = YES;
				CLANG_WARN_INFINITE_RECURSION = YES;
				CLANG_WARN_INT_CONVERSION = YES;
				CLANG_WARN_NON_LITERAL_NULL_CONVERSION = YES;
				CLANG_WARN_OBJC_LITERAL_CONVERSION = YES;
				CLANG_WARN_OBJC_ROOT_CLASS = YES_ERROR;
				CLANG_WARN_RANGE_LOOP_ANALYSIS = YES;
				CLANG_WARN_STRICT_PROTOTYPES = YES;
				CLANG_WARN_SUSPICIOUS_MOVE = YES;
				CLANG_WARN_UNGUARDED_AVAILABILITY = YES_AGGRESSIVE;
				CLANG_WARN_UNREACHABLE_CODE = YES;
				CLANG_WARN__DUPLICATE_METHOD_MATCH = YES;
				CODE_SIGN_IDENTITY = "iPhone Developer";
				COPY_PHASE_STRIP = NO;
				DEBUG_INFORMATION_FORMAT = "dwarf-with-dsym";
				ENABLE_NS_ASSERTIONS = NO;
				ENABLE_STRICT_OBJC_MSGSEND = YES;
				GCC_C_LANGUAGE_STANDARD = gnu11;
				GCC_NO_COMMON_BLOCKS = YES;
				GCC_WARN_64_TO_32_BIT_CONVERSION = YES;
				GCC_WARN_ABOUT_RETURN_TYPE = YES_ERROR;
				GCC_WARN_UNDECLARED_SELECTOR = YES;
				GCC_WARN_UNINITIALIZED_AUTOS = YES_AGGRESSIVE;
				GCC_WARN_UNUSED_FUNCTION = YES;
				GCC_WARN_UNUSED_VARIABLE = YES;
				IPHONEOS_DEPLOYMENT_TARGET = 11.2;
				MTL_ENABLE_DEBUG_INFO = NO;
				SDKROOT = iphoneos;
				SWIFT_OPTIMIZATION_LEVEL = "-Owholemodule";
				VALIDATE_PRODUCT = YES;
			};
			name = Release;
		};
		F951359120B9035E00555D23 /* Debug */ = {
			isa = XCBuildConfiguration;
			buildSettings = {
				ASSETCATALOG_COMPILER_APPICON_NAME = AppIcon;
				CODE_SIGN_STYLE = Automatic;
				DEVELOPMENT_TEAM = G6V8VF26HQ;
				INFOPLIST_FILE = "Lingo iOS App/Info.plist";
				LD_RUNPATH_SEARCH_PATHS = "$(inherited) @executable_path/Frameworks";
				PRODUCT_BUNDLE_IDENTIFIER = "MilindianCompany.Lingo-iOS-App";
				PRODUCT_NAME = "$(TARGET_NAME)";
				SWIFT_VERSION = 4.0;
				TARGETED_DEVICE_FAMILY = "1,2";
			};
			name = Debug;
		};
		F951359220B9035E00555D23 /* Release */ = {
			isa = XCBuildConfiguration;
			buildSettings = {
				ASSETCATALOG_COMPILER_APPICON_NAME = AppIcon;
				CODE_SIGN_STYLE = Automatic;
				DEVELOPMENT_TEAM = G6V8VF26HQ;
				INFOPLIST_FILE = "Lingo iOS App/Info.plist";
				LD_RUNPATH_SEARCH_PATHS = "$(inherited) @executable_path/Frameworks";
				PRODUCT_BUNDLE_IDENTIFIER = "MilindianCompany.Lingo-iOS-App";
				PRODUCT_NAME = "$(TARGET_NAME)";
				SWIFT_VERSION = 4.0;
				TARGETED_DEVICE_FAMILY = "1,2";
			};
			name = Release;
		};
		F951359420B9035E00555D23 /* Debug */ = {
			isa = XCBuildConfiguration;
			buildSettings = {
				ALWAYS_EMBED_SWIFT_STANDARD_LIBRARIES = YES;
				BUNDLE_LOADER = "$(TEST_HOST)";
				CODE_SIGN_STYLE = Automatic;
				DEVELOPMENT_TEAM = G6V8VF26HQ;
				INFOPLIST_FILE = "Lingo iOS AppTests/Info.plist";
				LD_RUNPATH_SEARCH_PATHS = "$(inherited) @executable_path/Frameworks @loader_path/Frameworks";
				PRODUCT_BUNDLE_IDENTIFIER = "MilindianCompany.Lingo-iOS-AppTests";
				PRODUCT_NAME = "$(TARGET_NAME)";
				SWIFT_VERSION = 4.0;
				TARGETED_DEVICE_FAMILY = "1,2";
				TEST_HOST = "$(BUILT_PRODUCTS_DIR)/Lingo iOS App.app/Lingo iOS App";
			};
			name = Debug;
		};
		F951359520B9035E00555D23 /* Release */ = {
			isa = XCBuildConfiguration;
			buildSettings = {
				ALWAYS_EMBED_SWIFT_STANDARD_LIBRARIES = YES;
				BUNDLE_LOADER = "$(TEST_HOST)";
				CODE_SIGN_STYLE = Automatic;
				DEVELOPMENT_TEAM = G6V8VF26HQ;
				INFOPLIST_FILE = "Lingo iOS AppTests/Info.plist";
				LD_RUNPATH_SEARCH_PATHS = "$(inherited) @executable_path/Frameworks @loader_path/Frameworks";
				PRODUCT_BUNDLE_IDENTIFIER = "MilindianCompany.Lingo-iOS-AppTests";
				PRODUCT_NAME = "$(TARGET_NAME)";
				SWIFT_VERSION = 4.0;
				TARGETED_DEVICE_FAMILY = "1,2";
				TEST_HOST = "$(BUILT_PRODUCTS_DIR)/Lingo iOS App.app/Lingo iOS App";
			};
			name = Release;
		};
		F951359720B9035E00555D23 /* Debug */ = {
			isa = XCBuildConfiguration;
			buildSettings = {
				ALWAYS_EMBED_SWIFT_STANDARD_LIBRARIES = YES;
				CODE_SIGN_STYLE = Automatic;
				DEVELOPMENT_TEAM = G6V8VF26HQ;
				INFOPLIST_FILE = "Lingo iOS AppUITests/Info.plist";
				LD_RUNPATH_SEARCH_PATHS = "$(inherited) @executable_path/Frameworks @loader_path/Frameworks";
				PRODUCT_BUNDLE_IDENTIFIER = "MilindianCompany.Lingo-iOS-AppUITests";
				PRODUCT_NAME = "$(TARGET_NAME)";
				SWIFT_VERSION = 4.0;
				TARGETED_DEVICE_FAMILY = "1,2";
				TEST_TARGET_NAME = "Lingo iOS App";
			};
			name = Debug;
		};
		F951359820B9035E00555D23 /* Release */ = {
			isa = XCBuildConfiguration;
			buildSettings = {
				ALWAYS_EMBED_SWIFT_STANDARD_LIBRARIES = YES;
				CODE_SIGN_STYLE = Automatic;
				DEVELOPMENT_TEAM = G6V8VF26HQ;
				INFOPLIST_FILE = "Lingo iOS AppUITests/Info.plist";
				LD_RUNPATH_SEARCH_PATHS = "$(inherited) @executable_path/Frameworks @loader_path/Frameworks";
				PRODUCT_BUNDLE_IDENTIFIER = "MilindianCompany.Lingo-iOS-AppUITests";
				PRODUCT_NAME = "$(TARGET_NAME)";
				SWIFT_VERSION = 4.0;
				TARGETED_DEVICE_FAMILY = "1,2";
				TEST_TARGET_NAME = "Lingo iOS App";
			};
			name = Release;
		};
/* End XCBuildConfiguration section */

/* Begin XCConfigurationList section */
		F951356120B9035E00555D23 /* Build configuration list for PBXProject "Lingo iOS App" */ = {
			isa = XCConfigurationList;
			buildConfigurations = (
				F951358E20B9035E00555D23 /* Debug */,
				F951358F20B9035E00555D23 /* Release */,
			);
			defaultConfigurationIsVisible = 0;
			defaultConfigurationName = Release;
		};
		F951359020B9035E00555D23 /* Build configuration list for PBXNativeTarget "Lingo iOS App" */ = {
			isa = XCConfigurationList;
			buildConfigurations = (
				F951359120B9035E00555D23 /* Debug */,
				F951359220B9035E00555D23 /* Release */,
			);
			defaultConfigurationIsVisible = 0;
			defaultConfigurationName = Release;
		};
		F951359320B9035E00555D23 /* Build configuration list for PBXNativeTarget "Lingo iOS AppTests" */ = {
			isa = XCConfigurationList;
			buildConfigurations = (
				F951359420B9035E00555D23 /* Debug */,
				F951359520B9035E00555D23 /* Release */,
			);
			defaultConfigurationIsVisible = 0;
			defaultConfigurationName = Release;
		};
		F951359620B9035E00555D23 /* Build configuration list for PBXNativeTarget "Lingo iOS AppUITests" */ = {
			isa = XCConfigurationList;
			buildConfigurations = (
				F951359720B9035E00555D23 /* Debug */,
				F951359820B9035E00555D23 /* Release */,
			);
			defaultConfigurationIsVisible = 0;
			defaultConfigurationName = Release;
		};
/* End XCConfigurationList section */
	};
	rootObject = F951355E20B9035E00555D23 /* Project object */;
}
